
Microsoft Visual Studio Solution File, Format Version 12.00
# Visual Studio Version 17
VisualStudioVersion = 17.2.32519.379
MinimumVisualStudioVersion = 10.0.40219.1
Project("{FAE04EC0-301F-11D3-BF4B-00C04F79EFBC}") = "CopyFileToDir", "CopyFileToDir\CopyFileToDir.csproj", "{EE353D5E-1E62-43C4-B1D5-B1BE42B12B50}"
EndProject
Global
	GlobalSection(SolutionConfigurationPlatforms) = preSolution
		Debug|Any CPU = Debug|Any CPU
		Debug|x86 = Debug|x86
		Release|Any CPU = Release|Any CPU
		Release|x86 = Release|x86
	EndGlobalSection
	GlobalSection(ProjectConfigurationPlatforms) = postSolution
		{EE353D5E-1E62-43C4-B1D5-B1BE42B12B50}.Debug|Any CPU.ActiveCfg = Debug|Any CPU
		{EE353D5E-1E62-43C4-B1D5-B1BE42B12B50}.Debug|Any CPU.Build.0 = Debug|Any CPU
		{EE353D5E-1E62-43C4-B1D5-B1BE42B12B50}.Debug|x86.ActiveCfg = Debug|x86
		{EE353D5E-1E62-43C4-B1D5-B1BE42B12B50}.Debug|x86.Build.0 = Debug|x86
		{EE353D5E-1E62-43C4-B1D5-B1BE42B12B50}.Release|Any CPU.ActiveCfg = Release|Any CPU
		{EE353D5E-1E62-43C4-B1D5-B1BE42B12B50}.Release|Any CPU.Build.0 = Release|Any CPU
		{EE353D5E-1E62-43C4-B1D5-B1BE42B12B50}.Release|x86.ActiveCfg = Release|x86
		{EE353D5E-1E62-43C4-B1D5-B1BE42B12B50}.Release|x86.Build.0 = Release|x86
	EndGlobalSection
	GlobalSection(SolutionProperties) = preSolution
		HideSolutionNode = FALSE
	EndGlobalSection
	GlobalSection(ExtensibilityGlobals) = postSolution
		SolutionGuid = {A82F548F-C45B-4F08-A305-468E9DC920B3}
	EndGlobalSection
EndGlobal
